
Microsoft Visual Studio Solution File, Format Version 12.00
# Visual Studio 15
VisualStudioVersion = 15.0.28307.572
MinimumVisualStudioVersion = 10.0.40219.1
Project("{FAE04EC0-301F-11D3-BF4B-00C04F79EFBC}") = "VHDNBOM", "VHDNBOM\VHDNBOM.csproj", "{4ADF644D-E827-4856-A95B-EEEC6E314B94}"
EndProject
Project("{FAE04EC0-301F-11D3-BF4B-00C04F79EFBC}") = "VHDNBOM.Logic", "VHDNBOM.Logic\VHDNBOM.Logic.csproj", "{971870F5-3B4E-4F44-8E32-B572FEEB140C}"
EndProject
Project("{FAE04EC0-301F-11D3-BF4B-00C04F79EFBC}") = "VHDNBOM.Tests", "VHDNBOM.Tests\VHDNBOM.Tests.csproj", "{211279F1-C3AC-4651-AA88-E1026D82768A}"
EndProject
Global
	GlobalSection(SolutionConfigurationPlatforms) = preSolution
		Debug|Any CPU = Debug|Any CPU
		Release|Any CPU = Release|Any CPU
	EndGlobalSection
	GlobalSection(ProjectConfigurationPlatforms) = postSolution
		{4ADF644D-E827-4856-A95B-EEEC6E314B94}.Debug|Any CPU.ActiveCfg = Debug|Any CPU
		{4ADF644D-E827-4856-A95B-EEEC6E314B94}.Debug|Any CPU.Build.0 = Debug|Any CPU
		{4ADF644D-E827-4856-A95B-EEEC6E314B94}.Release|Any CPU.ActiveCfg = Release|Any CPU
		{4ADF644D-E827-4856-A95B-EEEC6E314B94}.Release|Any CPU.Build.0 = Release|Any CPU
		{971870F5-3B4E-4F44-8E32-B572FEEB140C}.Debug|Any CPU.ActiveCfg = Debug|Any CPU
		{971870F5-3B4E-4F44-8E32-B572FEEB140C}.Debug|Any CPU.Build.0 = Debug|Any CPU
		{971870F5-3B4E-4F44-8E32-B572FEEB140C}.Release|Any CPU.ActiveCfg = Release|Any CPU
		{971870F5-3B4E-4F44-8E32-B572FEEB140C}.Release|Any CPU.Build.0 = Release|Any CPU
		{211279F1-C3AC-4651-AA88-E1026D82768A}.Debug|Any CPU.ActiveCfg = Debug|Any CPU
		{211279F1-C3AC-4651-AA88-E1026D82768A}.Debug|Any CPU.Build.0 = Debug|Any CPU
		{211279F1-C3AC-4651-AA88-E1026D82768A}.Release|Any CPU.ActiveCfg = Release|Any CPU
		{211279F1-C3AC-4651-AA88-E1026D82768A}.Release|Any CPU.Build.0 = Release|Any CPU
	EndGlobalSection
	GlobalSection(SolutionProperties) = preSolution
		HideSolutionNode = FALSE
	EndGlobalSection
	GlobalSection(ExtensibilityGlobals) = postSolution
		SolutionGuid = {03B5B4DF-2EDF-481A-8078-4D1ABBD5BF61}
	EndGlobalSection
EndGlobal
